
Microsoft Visual Studio Solution File, Format Version 12.00
# Visual Studio 15
VisualStudioVersion = 15.0.27130.2010
MinimumVisualStudioVersion = 10.0.40219.1
Project("{8BC9CEB8-8B4A-11D0-8D11-00A0C91BC942}") = "practice6.9", "practice6.9\practice6.9.vcxproj", "{B53CBA69-A20D-42F5-9EB6-F3D82EF22FAE}"
EndProject
Global
	GlobalSection(SolutionConfigurationPlatforms) = preSolution
		Debug|x64 = Debug|x64
		Debug|x86 = Debug|x86
		Release|x64 = Release|x64
		Release|x86 = Release|x86
	EndGlobalSection
	GlobalSection(ProjectConfigurationPlatforms) = postSolution
		{B53CBA69-A20D-42F5-9EB6-F3D82EF22FAE}.Debug|x64.ActiveCfg = Debug|x64
		{B53CBA69-A20D-42F5-9EB6-F3D82EF22FAE}.Debug|x64.Build.0 = Debug|x64
		{B53CBA69-A20D-42F5-9EB6-F3D82EF22FAE}.Debug|x86.ActiveCfg = Debug|Win32
		{B53CBA69-A20D-42F5-9EB6-F3D82EF22FAE}.Debug|x86.Build.0 = Debug|Win32
		{B53CBA69-A20D-42F5-9EB6-F3D82EF22FAE}.Release|x64.ActiveCfg = Release|x64
		{B53CBA69-A20D-42F5-9EB6-F3D82EF22FAE}.Release|x64.Build.0 = Release|x64
		{B53CBA69-A20D-42F5-9EB6-F3D82EF22FAE}.Release|x86.ActiveCfg = Release|Win32
		{B53CBA69-A20D-42F5-9EB6-F3D82EF22FAE}.Release|x86.Build.0 = Release|Win32
	EndGlobalSection
	GlobalSection(SolutionProperties) = preSolution
		HideSolutionNode = FALSE
	EndGlobalSection
	GlobalSection(ExtensibilityGlobals) = postSolution
		SolutionGuid = {7D4E156F-CBCC-476E-ABEF-DD2AFDB506B1}
	EndGlobalSection
EndGlobal
