
Microsoft Visual Studio Solution File, Format Version 12.00
# Visual Studio 15
VisualStudioVersion = 15.0.27428.2005
MinimumVisualStudioVersion = 10.0.40219.1
Project("{8BC9CEB8-8B4A-11D0-8D11-00A0C91BC942}") = "practice10.16", "practice10.16\practice10.16.vcxproj", "{B787E99A-1F54-4021-8D6D-8D67E54C3C1C}"
EndProject
Global
	GlobalSection(SolutionConfigurationPlatforms) = preSolution
		Debug|x64 = Debug|x64
		Debug|x86 = Debug|x86
		Release|x64 = Release|x64
		Release|x86 = Release|x86
	EndGlobalSection
	GlobalSection(ProjectConfigurationPlatforms) = postSolution
		{B787E99A-1F54-4021-8D6D-8D67E54C3C1C}.Debug|x64.ActiveCfg = Debug|x64
		{B787E99A-1F54-4021-8D6D-8D67E54C3C1C}.Debug|x64.Build.0 = Debug|x64
		{B787E99A-1F54-4021-8D6D-8D67E54C3C1C}.Debug|x86.ActiveCfg = Debug|Win32
		{B787E99A-1F54-4021-8D6D-8D67E54C3C1C}.Debug|x86.Build.0 = Debug|Win32
		{B787E99A-1F54-4021-8D6D-8D67E54C3C1C}.Release|x64.ActiveCfg = Release|x64
		{B787E99A-1F54-4021-8D6D-8D67E54C3C1C}.Release|x64.Build.0 = Release|x64
		{B787E99A-1F54-4021-8D6D-8D67E54C3C1C}.Release|x86.ActiveCfg = Release|Win32
		{B787E99A-1F54-4021-8D6D-8D67E54C3C1C}.Release|x86.Build.0 = Release|Win32
	EndGlobalSection
	GlobalSection(SolutionProperties) = preSolution
		HideSolutionNode = FALSE
	EndGlobalSection
	GlobalSection(ExtensibilityGlobals) = postSolution
		SolutionGuid = {3F8418D3-974C-4CF9-B27F-CFE8E3BCA0A7}
	EndGlobalSection
EndGlobal
