
Microsoft Visual Studio Solution File, Format Version 12.00
# Visual Studio 15
VisualStudioVersion = 15.0.27130.2010
MinimumVisualStudioVersion = 10.0.40219.1
Project("{8BC9CEB8-8B4A-11D0-8D11-00A0C91BC942}") = "practice6.18", "practice6.18\practice6.18.vcxproj", "{E653577A-1AA2-449E-9883-598F3019DB3B}"
EndProject
Global
	GlobalSection(SolutionConfigurationPlatforms) = preSolution
		Debug|x64 = Debug|x64
		Debug|x86 = Debug|x86
		Release|x64 = Release|x64
		Release|x86 = Release|x86
	EndGlobalSection
	GlobalSection(ProjectConfigurationPlatforms) = postSolution
		{E653577A-1AA2-449E-9883-598F3019DB3B}.Debug|x64.ActiveCfg = Debug|x64
		{E653577A-1AA2-449E-9883-598F3019DB3B}.Debug|x64.Build.0 = Debug|x64
		{E653577A-1AA2-449E-9883-598F3019DB3B}.Debug|x86.ActiveCfg = Debug|Win32
		{E653577A-1AA2-449E-9883-598F3019DB3B}.Debug|x86.Build.0 = Debug|Win32
		{E653577A-1AA2-449E-9883-598F3019DB3B}.Release|x64.ActiveCfg = Release|x64
		{E653577A-1AA2-449E-9883-598F3019DB3B}.Release|x64.Build.0 = Release|x64
		{E653577A-1AA2-449E-9883-598F3019DB3B}.Release|x86.ActiveCfg = Release|Win32
		{E653577A-1AA2-449E-9883-598F3019DB3B}.Release|x86.Build.0 = Release|Win32
	EndGlobalSection
	GlobalSection(SolutionProperties) = preSolution
		HideSolutionNode = FALSE
	EndGlobalSection
	GlobalSection(ExtensibilityGlobals) = postSolution
		SolutionGuid = {BA424A95-0A5D-420C-A54D-3A30F2617001}
	EndGlobalSection
EndGlobal
