
Microsoft Visual Studio Solution File, Format Version 12.00
# Visual Studio 15
VisualStudioVersion = 15.0.27428.2005
MinimumVisualStudioVersion = 10.0.40219.1
Project("{8BC9CEB8-8B4A-11D0-8D11-00A0C91BC942}") = "practice10.35", "practice10.35\practice10.35.vcxproj", "{B1699C1E-AB81-4655-BA6B-44AC85FBC9E9}"
EndProject
Global
	GlobalSection(SolutionConfigurationPlatforms) = preSolution
		Debug|x64 = Debug|x64
		Debug|x86 = Debug|x86
		Release|x64 = Release|x64
		Release|x86 = Release|x86
	EndGlobalSection
	GlobalSection(ProjectConfigurationPlatforms) = postSolution
		{B1699C1E-AB81-4655-BA6B-44AC85FBC9E9}.Debug|x64.ActiveCfg = Debug|x64
		{B1699C1E-AB81-4655-BA6B-44AC85FBC9E9}.Debug|x64.Build.0 = Debug|x64
		{B1699C1E-AB81-4655-BA6B-44AC85FBC9E9}.Debug|x86.ActiveCfg = Debug|Win32
		{B1699C1E-AB81-4655-BA6B-44AC85FBC9E9}.Debug|x86.Build.0 = Debug|Win32
		{B1699C1E-AB81-4655-BA6B-44AC85FBC9E9}.Release|x64.ActiveCfg = Release|x64
		{B1699C1E-AB81-4655-BA6B-44AC85FBC9E9}.Release|x64.Build.0 = Release|x64
		{B1699C1E-AB81-4655-BA6B-44AC85FBC9E9}.Release|x86.ActiveCfg = Release|Win32
		{B1699C1E-AB81-4655-BA6B-44AC85FBC9E9}.Release|x86.Build.0 = Release|Win32
	EndGlobalSection
	GlobalSection(SolutionProperties) = preSolution
		HideSolutionNode = FALSE
	EndGlobalSection
	GlobalSection(ExtensibilityGlobals) = postSolution
		SolutionGuid = {515BB338-DA83-4A5B-B8EA-D073B5C56970}
	EndGlobalSection
EndGlobal
