
Microsoft Visual Studio Solution File, Format Version 12.00
# Visual Studio 15
VisualStudioVersion = 15.0.28010.2046
MinimumVisualStudioVersion = 10.0.40219.1
Project("{8BC9CEB8-8B4A-11D0-8D11-00A0C91BC942}") = "practice14.43", "practice14.43\practice14.43.vcxproj", "{FCE1111D-3362-4EE2-95F9-EB38B54C641B}"
EndProject
Global
	GlobalSection(SolutionConfigurationPlatforms) = preSolution
		Debug|x64 = Debug|x64
		Debug|x86 = Debug|x86
		Release|x64 = Release|x64
		Release|x86 = Release|x86
	EndGlobalSection
	GlobalSection(ProjectConfigurationPlatforms) = postSolution
		{FCE1111D-3362-4EE2-95F9-EB38B54C641B}.Debug|x64.ActiveCfg = Debug|x64
		{FCE1111D-3362-4EE2-95F9-EB38B54C641B}.Debug|x64.Build.0 = Debug|x64
		{FCE1111D-3362-4EE2-95F9-EB38B54C641B}.Debug|x86.ActiveCfg = Debug|Win32
		{FCE1111D-3362-4EE2-95F9-EB38B54C641B}.Debug|x86.Build.0 = Debug|Win32
		{FCE1111D-3362-4EE2-95F9-EB38B54C641B}.Release|x64.ActiveCfg = Release|x64
		{FCE1111D-3362-4EE2-95F9-EB38B54C641B}.Release|x64.Build.0 = Release|x64
		{FCE1111D-3362-4EE2-95F9-EB38B54C641B}.Release|x86.ActiveCfg = Release|Win32
		{FCE1111D-3362-4EE2-95F9-EB38B54C641B}.Release|x86.Build.0 = Release|Win32
	EndGlobalSection
	GlobalSection(SolutionProperties) = preSolution
		HideSolutionNode = FALSE
	EndGlobalSection
	GlobalSection(ExtensibilityGlobals) = postSolution
		SolutionGuid = {C944596F-5A82-4296-B2BD-A344762FA451}
	EndGlobalSection
EndGlobal
