
Microsoft Visual Studio Solution File, Format Version 12.00
# Visual Studio 15
VisualStudioVersion = 15.0.28010.2046
MinimumVisualStudioVersion = 10.0.40219.1
Project("{8BC9CEB8-8B4A-11D0-8D11-00A0C91BC942}") = "practice13.31", "practice13.31\practice13.31.vcxproj", "{2D03FE28-F6AA-4083-80C0-A400F1253780}"
EndProject
Global
	GlobalSection(SolutionConfigurationPlatforms) = preSolution
		Debug|x64 = Debug|x64
		Debug|x86 = Debug|x86
		Release|x64 = Release|x64
		Release|x86 = Release|x86
	EndGlobalSection
	GlobalSection(ProjectConfigurationPlatforms) = postSolution
		{2D03FE28-F6AA-4083-80C0-A400F1253780}.Debug|x64.ActiveCfg = Debug|x64
		{2D03FE28-F6AA-4083-80C0-A400F1253780}.Debug|x64.Build.0 = Debug|x64
		{2D03FE28-F6AA-4083-80C0-A400F1253780}.Debug|x86.ActiveCfg = Debug|Win32
		{2D03FE28-F6AA-4083-80C0-A400F1253780}.Debug|x86.Build.0 = Debug|Win32
		{2D03FE28-F6AA-4083-80C0-A400F1253780}.Release|x64.ActiveCfg = Release|x64
		{2D03FE28-F6AA-4083-80C0-A400F1253780}.Release|x64.Build.0 = Release|x64
		{2D03FE28-F6AA-4083-80C0-A400F1253780}.Release|x86.ActiveCfg = Release|Win32
		{2D03FE28-F6AA-4083-80C0-A400F1253780}.Release|x86.Build.0 = Release|Win32
	EndGlobalSection
	GlobalSection(SolutionProperties) = preSolution
		HideSolutionNode = FALSE
	EndGlobalSection
	GlobalSection(ExtensibilityGlobals) = postSolution
		SolutionGuid = {AA1C9411-3979-4D8A-A582-FADA5B9BB95E}
	EndGlobalSection
EndGlobal
