
Microsoft Visual Studio Solution File, Format Version 12.00
# Visual Studio 15
VisualStudioVersion = 15.0.27428.2005
MinimumVisualStudioVersion = 10.0.40219.1
Project("{8BC9CEB8-8B4A-11D0-8D11-00A0C91BC942}") = "practice13.18", "practice13.18\practice13.18.vcxproj", "{BADCE669-8C08-484D-85B1-21D053FC7E15}"
EndProject
Global
	GlobalSection(SolutionConfigurationPlatforms) = preSolution
		Debug|x64 = Debug|x64
		Debug|x86 = Debug|x86
		Release|x64 = Release|x64
		Release|x86 = Release|x86
	EndGlobalSection
	GlobalSection(ProjectConfigurationPlatforms) = postSolution
		{BADCE669-8C08-484D-85B1-21D053FC7E15}.Debug|x64.ActiveCfg = Debug|x64
		{BADCE669-8C08-484D-85B1-21D053FC7E15}.Debug|x64.Build.0 = Debug|x64
		{BADCE669-8C08-484D-85B1-21D053FC7E15}.Debug|x86.ActiveCfg = Debug|Win32
		{BADCE669-8C08-484D-85B1-21D053FC7E15}.Debug|x86.Build.0 = Debug|Win32
		{BADCE669-8C08-484D-85B1-21D053FC7E15}.Release|x64.ActiveCfg = Release|x64
		{BADCE669-8C08-484D-85B1-21D053FC7E15}.Release|x64.Build.0 = Release|x64
		{BADCE669-8C08-484D-85B1-21D053FC7E15}.Release|x86.ActiveCfg = Release|Win32
		{BADCE669-8C08-484D-85B1-21D053FC7E15}.Release|x86.Build.0 = Release|Win32
	EndGlobalSection
	GlobalSection(SolutionProperties) = preSolution
		HideSolutionNode = FALSE
	EndGlobalSection
	GlobalSection(ExtensibilityGlobals) = postSolution
		SolutionGuid = {90487491-740C-4F3C-BB17-E26AEDB25516}
	EndGlobalSection
EndGlobal
