
Microsoft Visual Studio Solution File, Format Version 12.00
# Visual Studio 15
VisualStudioVersion = 15.0.27428.2005
MinimumVisualStudioVersion = 10.0.40219.1
Project("{8BC9CEB8-8B4A-11D0-8D11-00A0C91BC942}") = "practice9.41", "practice9.41\practice9.41.vcxproj", "{096EDA37-8625-4205-8726-75857B325ED8}"
EndProject
Global
	GlobalSection(SolutionConfigurationPlatforms) = preSolution
		Debug|x64 = Debug|x64
		Debug|x86 = Debug|x86
		Release|x64 = Release|x64
		Release|x86 = Release|x86
	EndGlobalSection
	GlobalSection(ProjectConfigurationPlatforms) = postSolution
		{096EDA37-8625-4205-8726-75857B325ED8}.Debug|x64.ActiveCfg = Debug|x64
		{096EDA37-8625-4205-8726-75857B325ED8}.Debug|x64.Build.0 = Debug|x64
		{096EDA37-8625-4205-8726-75857B325ED8}.Debug|x86.ActiveCfg = Debug|Win32
		{096EDA37-8625-4205-8726-75857B325ED8}.Debug|x86.Build.0 = Debug|Win32
		{096EDA37-8625-4205-8726-75857B325ED8}.Release|x64.ActiveCfg = Release|x64
		{096EDA37-8625-4205-8726-75857B325ED8}.Release|x64.Build.0 = Release|x64
		{096EDA37-8625-4205-8726-75857B325ED8}.Release|x86.ActiveCfg = Release|Win32
		{096EDA37-8625-4205-8726-75857B325ED8}.Release|x86.Build.0 = Release|Win32
	EndGlobalSection
	GlobalSection(SolutionProperties) = preSolution
		HideSolutionNode = FALSE
	EndGlobalSection
	GlobalSection(ExtensibilityGlobals) = postSolution
		SolutionGuid = {A160D266-593A-434E-840D-7DA2B1323003}
	EndGlobalSection
EndGlobal
