
Microsoft Visual Studio Solution File, Format Version 12.00
# Visual Studio 15
VisualStudioVersion = 15.0.27428.2005
MinimumVisualStudioVersion = 10.0.40219.1
Project("{8BC9CEB8-8B4A-11D0-8D11-00A0C91BC942}") = "practice12.27", "practice12.27\practice12.27.vcxproj", "{745D42D2-1D48-4CED-80ED-64225EB05830}"
EndProject
Global
	GlobalSection(SolutionConfigurationPlatforms) = preSolution
		Debug|x64 = Debug|x64
		Debug|x86 = Debug|x86
		Release|x64 = Release|x64
		Release|x86 = Release|x86
	EndGlobalSection
	GlobalSection(ProjectConfigurationPlatforms) = postSolution
		{745D42D2-1D48-4CED-80ED-64225EB05830}.Debug|x64.ActiveCfg = Debug|x64
		{745D42D2-1D48-4CED-80ED-64225EB05830}.Debug|x64.Build.0 = Debug|x64
		{745D42D2-1D48-4CED-80ED-64225EB05830}.Debug|x86.ActiveCfg = Debug|Win32
		{745D42D2-1D48-4CED-80ED-64225EB05830}.Debug|x86.Build.0 = Debug|Win32
		{745D42D2-1D48-4CED-80ED-64225EB05830}.Release|x64.ActiveCfg = Release|x64
		{745D42D2-1D48-4CED-80ED-64225EB05830}.Release|x64.Build.0 = Release|x64
		{745D42D2-1D48-4CED-80ED-64225EB05830}.Release|x86.ActiveCfg = Release|Win32
		{745D42D2-1D48-4CED-80ED-64225EB05830}.Release|x86.Build.0 = Release|Win32
	EndGlobalSection
	GlobalSection(SolutionProperties) = preSolution
		HideSolutionNode = FALSE
	EndGlobalSection
	GlobalSection(ExtensibilityGlobals) = postSolution
		SolutionGuid = {63CB23D8-D076-4F65-A986-0DEACB09691E}
	EndGlobalSection
EndGlobal
