
Microsoft Visual Studio Solution File, Format Version 12.00
# Visual Studio 15
VisualStudioVersion = 15.0.27130.2010
MinimumVisualStudioVersion = 10.0.40219.1
Project("{8BC9CEB8-8B4A-11D0-8D11-00A0C91BC942}") = "practice6.4", "practice6.4\practice6.4.vcxproj", "{8A38507E-6FAD-4332-80A4-486216BB0DFD}"
EndProject
Global
	GlobalSection(SolutionConfigurationPlatforms) = preSolution
		Debug|x64 = Debug|x64
		Debug|x86 = Debug|x86
		Release|x64 = Release|x64
		Release|x86 = Release|x86
	EndGlobalSection
	GlobalSection(ProjectConfigurationPlatforms) = postSolution
		{8A38507E-6FAD-4332-80A4-486216BB0DFD}.Debug|x64.ActiveCfg = Debug|x64
		{8A38507E-6FAD-4332-80A4-486216BB0DFD}.Debug|x64.Build.0 = Debug|x64
		{8A38507E-6FAD-4332-80A4-486216BB0DFD}.Debug|x86.ActiveCfg = Debug|Win32
		{8A38507E-6FAD-4332-80A4-486216BB0DFD}.Debug|x86.Build.0 = Debug|Win32
		{8A38507E-6FAD-4332-80A4-486216BB0DFD}.Release|x64.ActiveCfg = Release|x64
		{8A38507E-6FAD-4332-80A4-486216BB0DFD}.Release|x64.Build.0 = Release|x64
		{8A38507E-6FAD-4332-80A4-486216BB0DFD}.Release|x86.ActiveCfg = Release|Win32
		{8A38507E-6FAD-4332-80A4-486216BB0DFD}.Release|x86.Build.0 = Release|Win32
	EndGlobalSection
	GlobalSection(SolutionProperties) = preSolution
		HideSolutionNode = FALSE
	EndGlobalSection
	GlobalSection(ExtensibilityGlobals) = postSolution
		SolutionGuid = {06C7D069-6BAA-4C76-9284-E791819FFB80}
	EndGlobalSection
EndGlobal
