
Microsoft Visual Studio Solution File, Format Version 12.00
# Visual Studio 15
VisualStudioVersion = 15.0.27130.2010
MinimumVisualStudioVersion = 10.0.40219.1
Project("{8BC9CEB8-8B4A-11D0-8D11-00A0C91BC942}") = "practice3.24", "practice3.24\practice3.24.vcxproj", "{08FEE501-89B7-4BA0-9BA6-CCDD54776104}"
EndProject
Global
	GlobalSection(SolutionConfigurationPlatforms) = preSolution
		Debug|x64 = Debug|x64
		Debug|x86 = Debug|x86
		Release|x64 = Release|x64
		Release|x86 = Release|x86
	EndGlobalSection
	GlobalSection(ProjectConfigurationPlatforms) = postSolution
		{08FEE501-89B7-4BA0-9BA6-CCDD54776104}.Debug|x64.ActiveCfg = Debug|x64
		{08FEE501-89B7-4BA0-9BA6-CCDD54776104}.Debug|x64.Build.0 = Debug|x64
		{08FEE501-89B7-4BA0-9BA6-CCDD54776104}.Debug|x86.ActiveCfg = Debug|Win32
		{08FEE501-89B7-4BA0-9BA6-CCDD54776104}.Debug|x86.Build.0 = Debug|Win32
		{08FEE501-89B7-4BA0-9BA6-CCDD54776104}.Release|x64.ActiveCfg = Release|x64
		{08FEE501-89B7-4BA0-9BA6-CCDD54776104}.Release|x64.Build.0 = Release|x64
		{08FEE501-89B7-4BA0-9BA6-CCDD54776104}.Release|x86.ActiveCfg = Release|Win32
		{08FEE501-89B7-4BA0-9BA6-CCDD54776104}.Release|x86.Build.0 = Release|Win32
	EndGlobalSection
	GlobalSection(SolutionProperties) = preSolution
		HideSolutionNode = FALSE
	EndGlobalSection
	GlobalSection(ExtensibilityGlobals) = postSolution
		SolutionGuid = {980DBBD2-A3A2-468A-A424-DAA6AE195A80}
	EndGlobalSection
EndGlobal
