
Microsoft Visual Studio Solution File, Format Version 12.00
# Visual Studio 15
VisualStudioVersion = 15.0.27428.2005
MinimumVisualStudioVersion = 10.0.40219.1
Project("{8BC9CEB8-8B4A-11D0-8D11-00A0C91BC942}") = "practice11.33", "practice11.33\practice11.33.vcxproj", "{CF2FFBF3-4C7F-4614-8B97-BC4FA15BF964}"
EndProject
Global
	GlobalSection(SolutionConfigurationPlatforms) = preSolution
		Debug|x64 = Debug|x64
		Debug|x86 = Debug|x86
		Release|x64 = Release|x64
		Release|x86 = Release|x86
	EndGlobalSection
	GlobalSection(ProjectConfigurationPlatforms) = postSolution
		{CF2FFBF3-4C7F-4614-8B97-BC4FA15BF964}.Debug|x64.ActiveCfg = Debug|x64
		{CF2FFBF3-4C7F-4614-8B97-BC4FA15BF964}.Debug|x64.Build.0 = Debug|x64
		{CF2FFBF3-4C7F-4614-8B97-BC4FA15BF964}.Debug|x86.ActiveCfg = Debug|Win32
		{CF2FFBF3-4C7F-4614-8B97-BC4FA15BF964}.Debug|x86.Build.0 = Debug|Win32
		{CF2FFBF3-4C7F-4614-8B97-BC4FA15BF964}.Release|x64.ActiveCfg = Release|x64
		{CF2FFBF3-4C7F-4614-8B97-BC4FA15BF964}.Release|x64.Build.0 = Release|x64
		{CF2FFBF3-4C7F-4614-8B97-BC4FA15BF964}.Release|x86.ActiveCfg = Release|Win32
		{CF2FFBF3-4C7F-4614-8B97-BC4FA15BF964}.Release|x86.Build.0 = Release|Win32
	EndGlobalSection
	GlobalSection(SolutionProperties) = preSolution
		HideSolutionNode = FALSE
	EndGlobalSection
	GlobalSection(ExtensibilityGlobals) = postSolution
		SolutionGuid = {693285FB-B978-46C5-8A5E-0CAD37CE70EF}
	EndGlobalSection
EndGlobal
