
Microsoft Visual Studio Solution File, Format Version 12.00
# Visual Studio 15
VisualStudioVersion = 15.0.27130.2010
MinimumVisualStudioVersion = 10.0.40219.1
Project("{8BC9CEB8-8B4A-11D0-8D11-00A0C91BC942}") = "prictice3.15", "prictice3.15\prictice3.15.vcxproj", "{A5D3EB99-95FB-40EB-9FB8-F2B8C7B6C378}"
EndProject
Global
	GlobalSection(SolutionConfigurationPlatforms) = preSolution
		Debug|x64 = Debug|x64
		Debug|x86 = Debug|x86
		Release|x64 = Release|x64
		Release|x86 = Release|x86
	EndGlobalSection
	GlobalSection(ProjectConfigurationPlatforms) = postSolution
		{A5D3EB99-95FB-40EB-9FB8-F2B8C7B6C378}.Debug|x64.ActiveCfg = Debug|x64
		{A5D3EB99-95FB-40EB-9FB8-F2B8C7B6C378}.Debug|x64.Build.0 = Debug|x64
		{A5D3EB99-95FB-40EB-9FB8-F2B8C7B6C378}.Debug|x86.ActiveCfg = Debug|Win32
		{A5D3EB99-95FB-40EB-9FB8-F2B8C7B6C378}.Debug|x86.Build.0 = Debug|Win32
		{A5D3EB99-95FB-40EB-9FB8-F2B8C7B6C378}.Release|x64.ActiveCfg = Release|x64
		{A5D3EB99-95FB-40EB-9FB8-F2B8C7B6C378}.Release|x64.Build.0 = Release|x64
		{A5D3EB99-95FB-40EB-9FB8-F2B8C7B6C378}.Release|x86.ActiveCfg = Release|Win32
		{A5D3EB99-95FB-40EB-9FB8-F2B8C7B6C378}.Release|x86.Build.0 = Release|Win32
	EndGlobalSection
	GlobalSection(SolutionProperties) = preSolution
		HideSolutionNode = FALSE
	EndGlobalSection
	GlobalSection(ExtensibilityGlobals) = postSolution
		SolutionGuid = {802A699C-7D15-4088-BE7E-C522727BA6A7}
	EndGlobalSection
EndGlobal
