
Microsoft Visual Studio Solution File, Format Version 12.00
# Visual Studio 15
VisualStudioVersion = 15.0.27428.2005
MinimumVisualStudioVersion = 10.0.40219.1
Project("{8BC9CEB8-8B4A-11D0-8D11-00A0C91BC942}") = "practice8.6", "practice8.6\practice8.6.vcxproj", "{03C75551-3DE2-4DA9-8AB4-92E62399C80A}"
EndProject
Global
	GlobalSection(SolutionConfigurationPlatforms) = preSolution
		Debug|x64 = Debug|x64
		Debug|x86 = Debug|x86
		Release|x64 = Release|x64
		Release|x86 = Release|x86
	EndGlobalSection
	GlobalSection(ProjectConfigurationPlatforms) = postSolution
		{03C75551-3DE2-4DA9-8AB4-92E62399C80A}.Debug|x64.ActiveCfg = Debug|x64
		{03C75551-3DE2-4DA9-8AB4-92E62399C80A}.Debug|x64.Build.0 = Debug|x64
		{03C75551-3DE2-4DA9-8AB4-92E62399C80A}.Debug|x86.ActiveCfg = Debug|Win32
		{03C75551-3DE2-4DA9-8AB4-92E62399C80A}.Debug|x86.Build.0 = Debug|Win32
		{03C75551-3DE2-4DA9-8AB4-92E62399C80A}.Release|x64.ActiveCfg = Release|x64
		{03C75551-3DE2-4DA9-8AB4-92E62399C80A}.Release|x64.Build.0 = Release|x64
		{03C75551-3DE2-4DA9-8AB4-92E62399C80A}.Release|x86.ActiveCfg = Release|Win32
		{03C75551-3DE2-4DA9-8AB4-92E62399C80A}.Release|x86.Build.0 = Release|Win32
	EndGlobalSection
	GlobalSection(SolutionProperties) = preSolution
		HideSolutionNode = FALSE
	EndGlobalSection
	GlobalSection(ExtensibilityGlobals) = postSolution
		SolutionGuid = {D6301602-C5F6-4BC0-B803-E4C2FF995AEC}
	EndGlobalSection
EndGlobal
