
Microsoft Visual Studio Solution File, Format Version 12.00
# Visual Studio 15
VisualStudioVersion = 15.0.27130.2010
MinimumVisualStudioVersion = 10.0.40219.1
Project("{8BC9CEB8-8B4A-11D0-8D11-00A0C91BC942}") = "practice5.19", "practice5.19\practice5.19.vcxproj", "{CCF6932E-CDDF-4D48-B9D7-1CE5C9AC0333}"
EndProject
Global
	GlobalSection(SolutionConfigurationPlatforms) = preSolution
		Debug|x64 = Debug|x64
		Debug|x86 = Debug|x86
		Release|x64 = Release|x64
		Release|x86 = Release|x86
	EndGlobalSection
	GlobalSection(ProjectConfigurationPlatforms) = postSolution
		{CCF6932E-CDDF-4D48-B9D7-1CE5C9AC0333}.Debug|x64.ActiveCfg = Debug|x64
		{CCF6932E-CDDF-4D48-B9D7-1CE5C9AC0333}.Debug|x64.Build.0 = Debug|x64
		{CCF6932E-CDDF-4D48-B9D7-1CE5C9AC0333}.Debug|x86.ActiveCfg = Debug|Win32
		{CCF6932E-CDDF-4D48-B9D7-1CE5C9AC0333}.Debug|x86.Build.0 = Debug|Win32
		{CCF6932E-CDDF-4D48-B9D7-1CE5C9AC0333}.Release|x64.ActiveCfg = Release|x64
		{CCF6932E-CDDF-4D48-B9D7-1CE5C9AC0333}.Release|x64.Build.0 = Release|x64
		{CCF6932E-CDDF-4D48-B9D7-1CE5C9AC0333}.Release|x86.ActiveCfg = Release|Win32
		{CCF6932E-CDDF-4D48-B9D7-1CE5C9AC0333}.Release|x86.Build.0 = Release|Win32
	EndGlobalSection
	GlobalSection(SolutionProperties) = preSolution
		HideSolutionNode = FALSE
	EndGlobalSection
	GlobalSection(ExtensibilityGlobals) = postSolution
		SolutionGuid = {0C248D13-C99A-4004-86BA-3119D7E905A0}
	EndGlobalSection
EndGlobal
