
Microsoft Visual Studio Solution File, Format Version 12.00
# Visual Studio 15
VisualStudioVersion = 15.0.27428.2005
MinimumVisualStudioVersion = 10.0.40219.1
Project("{8BC9CEB8-8B4A-11D0-8D11-00A0C91BC942}") = "practice10.6", "practice10.6\practice10.6.vcxproj", "{8E56F948-B4FE-4C03-8D61-0AC436E86E02}"
EndProject
Global
	GlobalSection(SolutionConfigurationPlatforms) = preSolution
		Debug|x64 = Debug|x64
		Debug|x86 = Debug|x86
		Release|x64 = Release|x64
		Release|x86 = Release|x86
	EndGlobalSection
	GlobalSection(ProjectConfigurationPlatforms) = postSolution
		{8E56F948-B4FE-4C03-8D61-0AC436E86E02}.Debug|x64.ActiveCfg = Debug|x64
		{8E56F948-B4FE-4C03-8D61-0AC436E86E02}.Debug|x64.Build.0 = Debug|x64
		{8E56F948-B4FE-4C03-8D61-0AC436E86E02}.Debug|x86.ActiveCfg = Debug|Win32
		{8E56F948-B4FE-4C03-8D61-0AC436E86E02}.Debug|x86.Build.0 = Debug|Win32
		{8E56F948-B4FE-4C03-8D61-0AC436E86E02}.Release|x64.ActiveCfg = Release|x64
		{8E56F948-B4FE-4C03-8D61-0AC436E86E02}.Release|x64.Build.0 = Release|x64
		{8E56F948-B4FE-4C03-8D61-0AC436E86E02}.Release|x86.ActiveCfg = Release|Win32
		{8E56F948-B4FE-4C03-8D61-0AC436E86E02}.Release|x86.Build.0 = Release|Win32
	EndGlobalSection
	GlobalSection(SolutionProperties) = preSolution
		HideSolutionNode = FALSE
	EndGlobalSection
	GlobalSection(ExtensibilityGlobals) = postSolution
		SolutionGuid = {DA52EC96-F1A9-4757-894A-3A35402F22D8}
	EndGlobalSection
EndGlobal
