
Microsoft Visual Studio Solution File, Format Version 12.00
# Visual Studio 15
VisualStudioVersion = 15.0.27428.2005
MinimumVisualStudioVersion = 10.0.40219.1
Project("{8BC9CEB8-8B4A-11D0-8D11-00A0C91BC942}") = "practice13.13", "practice13.13\practice13.13.vcxproj", "{7CD22004-3D02-407F-BFD6-190CA743BF97}"
EndProject
Global
	GlobalSection(SolutionConfigurationPlatforms) = preSolution
		Debug|x64 = Debug|x64
		Debug|x86 = Debug|x86
		Release|x64 = Release|x64
		Release|x86 = Release|x86
	EndGlobalSection
	GlobalSection(ProjectConfigurationPlatforms) = postSolution
		{7CD22004-3D02-407F-BFD6-190CA743BF97}.Debug|x64.ActiveCfg = Debug|x64
		{7CD22004-3D02-407F-BFD6-190CA743BF97}.Debug|x64.Build.0 = Debug|x64
		{7CD22004-3D02-407F-BFD6-190CA743BF97}.Debug|x86.ActiveCfg = Debug|Win32
		{7CD22004-3D02-407F-BFD6-190CA743BF97}.Debug|x86.Build.0 = Debug|Win32
		{7CD22004-3D02-407F-BFD6-190CA743BF97}.Release|x64.ActiveCfg = Release|x64
		{7CD22004-3D02-407F-BFD6-190CA743BF97}.Release|x64.Build.0 = Release|x64
		{7CD22004-3D02-407F-BFD6-190CA743BF97}.Release|x86.ActiveCfg = Release|Win32
		{7CD22004-3D02-407F-BFD6-190CA743BF97}.Release|x86.Build.0 = Release|Win32
	EndGlobalSection
	GlobalSection(SolutionProperties) = preSolution
		HideSolutionNode = FALSE
	EndGlobalSection
	GlobalSection(ExtensibilityGlobals) = postSolution
		SolutionGuid = {47CA28A3-15C5-4343-858C-3AF90A0A4938}
	EndGlobalSection
EndGlobal
