
Microsoft Visual Studio Solution File, Format Version 12.00
# Visual Studio 15
VisualStudioVersion = 15.0.28010.2046
MinimumVisualStudioVersion = 10.0.40219.1
Project("{8BC9CEB8-8B4A-11D0-8D11-00A0C91BC942}") = "practice14.39", "practice14.39\practice14.39.vcxproj", "{F67A5E78-BE0C-4391-BE02-A38332D89AF1}"
EndProject
Global
	GlobalSection(SolutionConfigurationPlatforms) = preSolution
		Debug|x64 = Debug|x64
		Debug|x86 = Debug|x86
		Release|x64 = Release|x64
		Release|x86 = Release|x86
	EndGlobalSection
	GlobalSection(ProjectConfigurationPlatforms) = postSolution
		{F67A5E78-BE0C-4391-BE02-A38332D89AF1}.Debug|x64.ActiveCfg = Debug|x64
		{F67A5E78-BE0C-4391-BE02-A38332D89AF1}.Debug|x64.Build.0 = Debug|x64
		{F67A5E78-BE0C-4391-BE02-A38332D89AF1}.Debug|x86.ActiveCfg = Debug|Win32
		{F67A5E78-BE0C-4391-BE02-A38332D89AF1}.Debug|x86.Build.0 = Debug|Win32
		{F67A5E78-BE0C-4391-BE02-A38332D89AF1}.Release|x64.ActiveCfg = Release|x64
		{F67A5E78-BE0C-4391-BE02-A38332D89AF1}.Release|x64.Build.0 = Release|x64
		{F67A5E78-BE0C-4391-BE02-A38332D89AF1}.Release|x86.ActiveCfg = Release|Win32
		{F67A5E78-BE0C-4391-BE02-A38332D89AF1}.Release|x86.Build.0 = Release|Win32
	EndGlobalSection
	GlobalSection(SolutionProperties) = preSolution
		HideSolutionNode = FALSE
	EndGlobalSection
	GlobalSection(ExtensibilityGlobals) = postSolution
		SolutionGuid = {DF80AF20-98EF-4303-AA23-E9C0AFE03C06}
	EndGlobalSection
EndGlobal
